# This file is automatically @generated by Cargo.
# It is not intended for manual editing.
version = 3

[[package]]
name = "basic_wallet"
version = "0.1.0"
dependencies = [
 "miden",
 "wit-bindgen-rt",
]

[[package]]
name = "miden"
version = "0.0.7"
dependencies = [
 "miden-base-sys",
 "miden-sdk-alloc",
 "miden-stdlib-sys",
]

[[package]]
name = "miden-base-sys"
version = "0.0.7"
dependencies = [
 "miden-stdlib-sys",
]

[[package]]
name = "miden-sdk-alloc"
version = "0.0.7"

[[package]]
name = "miden-stdlib-sys"
version = "0.0.7"

[[package]]
name = "wit-bindgen-rt"
version = "0.28.0"
source = "registry+https://github.com/rust-lang/crates.io-index"
checksum = "d7a37bd9274cb2d4754b915d624447ec0dce9105d174361841c0826efc79ceb9"
