# This file is automatically @generated by Cargo.
# It is not intended for manual editing.
version = 3

[[package]]
name = "basic-wallet-p2id-note"
version = "0.1.0"
dependencies = [
 "cargo-component-bindings",
]

[[package]]
name = "bitflags"
version = "2.4.1"
source = "registry+https://github.com/rust-lang/crates.io-index"
checksum = "327762f6e5a765692301e5bb513e0d9fef63be86bbc14528052b1cd3e6f03e07"

[[package]]
name = "cargo-component-bindings"
version = "0.5.0"
source = "registry+https://github.com/rust-lang/crates.io-index"
checksum = "ab3cf2350ce4e1aaf711114952eb135081d936b76da37f3fe09e87f0a28cabfa"
dependencies = [
 "cargo-component-macro",
 "wit-bindgen",
]

[[package]]
name = "cargo-component-macro"
version = "0.5.0"
source = "registry+https://github.com/rust-lang/crates.io-index"
checksum = "d9149c8ce53e8348be7b673f09a89503077721e9ff6321761d3bba40abefd7b2"
dependencies = [
 "proc-macro2",
 "quote",
 "syn",
]

[[package]]
name = "proc-macro2"
version = "1.0.70"
source = "registry+https://github.com/rust-lang/crates.io-index"
checksum = "39278fbbf5fb4f646ce651690877f89d1c5811a3d4acb27700c1cb3cdb78fd3b"
dependencies = [
 "unicode-ident",
]

[[package]]
name = "quote"
version = "1.0.33"
source = "registry+https://github.com/rust-lang/crates.io-index"
checksum = "5267fca4496028628a95160fc423a33e8b2e6af8a5302579e322e4b520293cae"
dependencies = [
 "proc-macro2",
]

[[package]]
name = "syn"
version = "2.0.40"
source = "registry+https://github.com/rust-lang/crates.io-index"
checksum = "13fa70a4ee923979ffb522cacce59d34421ebdea5625e1073c4326ef9d2dd42e"
dependencies = [
 "proc-macro2",
 "quote",
 "unicode-ident",
]

[[package]]
name = "unicode-ident"
version = "1.0.12"
source = "registry+https://github.com/rust-lang/crates.io-index"
checksum = "3354b9ac3fae1ff6755cb6db53683adb661634f67557942dea4facebec0fee4b"

[[package]]
name = "wit-bindgen"
version = "0.14.0"
source = "registry+https://github.com/rust-lang/crates.io-index"
checksum = "0205c6e67438f9d657318e0d7ee407a8017cd7bc5f1636cd4a280d4ccbc8d4a0"
dependencies = [
 "bitflags",
]
