# This file is automatically @generated by Cargo.
# It is not intended for manual editing.
version = 3

[[package]]
name = "miden-sdk"
version = "0.1.0"
dependencies = [
 "miden-sdk-tx-kernel",
 "miden-stdlib-sys",
]

[[package]]
name = "miden-sdk-tx-kernel"
version = "0.1.0"
dependencies = [
 "miden-stdlib-sys",
]

[[package]]
name = "miden-stdlib-sys"
version = "0.1.0"
